// !$*UTF8*$!
{
	archiveVersion = 1;
	classes = {
	};
	objectVersion = 54;
	objects = {

/* Begin PBXBuildFile section */
		22162AFCEB2979A427AE05D8 /* Pods_CommonToolTests.framework in Frameworks */ = {isa = PBXBuildFile; fileRef = 6408DAD4CC146962D22C65FB /* Pods_CommonToolTests.framework */; };
		409A9578269D5C7400310C9D /* AppDelegate.swift in Sources */ = {isa = PBXBuildFile; fileRef = 409A9577269D5C7400310C9D /* AppDelegate.swift */; };
		409A957A269D5C7400310C9D /* SceneDelegate.swift in Sources */ = {isa = PBXBuildFile; fileRef = 409A9579269D5C7400310C9D /* SceneDelegate.swift */; };
		409A957C269D5C7400310C9D /* ViewController.swift in Sources */ = {isa = PBXBuildFile; fileRef = 409A957B269D5C7400310C9D /* ViewController.swift */; };
		409A957F269D5C7400310C9D /* Main.storyboard in Resources */ = {isa = PBXBuildFile; fileRef = 409A957D269D5C7400310C9D /* Main.storyboard */; };
		409A9581269D5C7500310C9D /* Assets.xcassets in Resources */ = {isa = PBXBuildFile; fileRef = 409A9580269D5C7500310C9D /* Assets.xcassets */; };
		409A9584269D5C7500310C9D /* LaunchScreen.storyboard in Resources */ = {isa = PBXBuildFile; fileRef = 409A9582269D5C7500310C9D /* LaunchScreen.storyboard */; };
		409A958F269D5C7500310C9D /* CommonToolTests.swift in Sources */ = {isa = PBXBuildFile; fileRef = 409A958E269D5C7500310C9D /* CommonToolTests.swift */; };
		409A9599269D5C7500310C9D /* CommonToolUITests.swift in Sources */ = {isa = PBXBuildFile; fileRef = 409A9598269D5C7500310C9D /* CommonToolUITests.swift */; };
		409A95B1269D5C9A00310C9D /* StuckMonitor.swift in Sources */ = {isa = PBXBuildFile; fileRef = 409A95A7269D5C9A00310C9D /* StuckMonitor.swift */; };
		409A95B2269D5C9A00310C9D /* StuckMonitorWindow.swift in Sources */ = {isa = PBXBuildFile; fileRef = 409A95A8269D5C9A00310C9D /* StuckMonitorWindow.swift */; };
		409A95B3269D5C9A00310C9D /* DMAlertAnimationController.swift in Sources */ = {isa = PBXBuildFile; fileRef = 409A95AA269D5C9A00310C9D /* DMAlertAnimationController.swift */; };
		409A95B4269D5C9A00310C9D /* DMAlertAction.swift in Sources */ = {isa = PBXBuildFile; fileRef = 409A95AB269D5C9A00310C9D /* DMAlertAction.swift */; };
		409A95B5269D5C9A00310C9D /* DMAlertController.swift in Sources */ = {isa = PBXBuildFile; fileRef = 409A95AC269D5C9A00310C9D /* DMAlertController.swift */; };
		409A95B7269D5C9A00310C9D /* SwiftyFitsize.swift in Sources */ = {isa = PBXBuildFile; fileRef = 409A95B0269D5C9A00310C9D /* SwiftyFitsize.swift */; };
		409A95C2269D5CA200310C9D /* Dictionary+TypeConvert.swift in Sources */ = {isa = PBXBuildFile; fileRef = 409A95B9269D5CA200310C9D /* Dictionary+TypeConvert.swift */; };
		409A95C3269D5CA200310C9D /* UIColor+Covert.swift in Sources */ = {isa = PBXBuildFile; fileRef = 409A95BA269D5CA200310C9D /* UIColor+Covert.swift */; };
		409A95C4269D5CA200310C9D /* CALayer+Gradient.swift in Sources */ = {isa = PBXBuildFile; fileRef = 409A95BB269D5CA200310C9D /* CALayer+Gradient.swift */; };
		409A95C5269D5CA200310C9D /* String+Wrapper.swift in Sources */ = {isa = PBXBuildFile; fileRef = 409A95BC269D5CA200310C9D /* String+Wrapper.swift */; };
		409A95C6269D5CA200310C9D /* UIViewController+Factory.swift in Sources */ = {isa = PBXBuildFile; fileRef = 409A95BD269D5CA200310C9D /* UIViewController+Factory.swift */; };
		409A95C7269D5CA200310C9D /* UIApplication+Factory.swift in Sources */ = {isa = PBXBuildFile; fileRef = 409A95BE269D5CA200310C9D /* UIApplication+Factory.swift */; };
		409A95C8269D5CA200310C9D /* UIView+CornerRadius.swift in Sources */ = {isa = PBXBuildFile; fileRef = 409A95BF269D5CA200310C9D /* UIView+CornerRadius.swift */; };
		409A95C9269D5CA200310C9D /* UIButton+ImagePosition.swift in Sources */ = {isa = PBXBuildFile; fileRef = 409A95C0269D5CA200310C9D /* UIButton+ImagePosition.swift */; };
		409A95CA269D5CA200310C9D /* UIColor+Define.swift in Sources */ = {isa = PBXBuildFile; fileRef = 409A95C1269D5CA200310C9D /* UIColor+Define.swift */; };
		409A95CF269D5CAA00310C9D /* SizeDesign.swift in Sources */ = {isa = PBXBuildFile; fileRef = 409A95CC269D5CAA00310C9D /* SizeDesign.swift */; };
		409A95D0269D5CAA00310C9D /* SystemDesign.swift in Sources */ = {isa = PBXBuildFile; fileRef = 409A95CD269D5CAA00310C9D /* SystemDesign.swift */; };
		409A95D1269D5CAA00310C9D /* FontDesign.swift in Sources */ = {isa = PBXBuildFile; fileRef = 409A95CE269D5CAA00310C9D /* FontDesign.swift */; };
		409A95D3269D5D5600310C9D /* ZXAuthView.swift in Sources */ = {isa = PBXBuildFile; fileRef = 409A95D2269D5D5600310C9D /* ZXAuthView.swift */; };
		82ECFD2F514AEBB2D17CABA1 /* Pods_CommonTool.framework in Frameworks */ = {isa = PBXBuildFile; fileRef = CC0D63871A353E2ECF02FA4C /* Pods_CommonTool.framework */; };
		AB07E22DA560D72452DD81A9 /* Pods_CommonTool_CommonToolUITests.framework in Frameworks */ = {isa = PBXBuildFile; fileRef = 8A229831A516913F820FE334 /* Pods_CommonTool_CommonToolUITests.framework */; };
/* End PBXBuildFile section */

/* Begin PBXContainerItemProxy section */
		409A958B269D5C7500310C9D /* PBXContainerItemProxy */ = {
			isa = PBXContainerItemProxy;
			containerPortal = 409A956C269D5C7400310C9D /* Project object */;
			proxyType = 1;
			remoteGlobalIDString = 409A9573269D5C7400310C9D;
			remoteInfo = CommonTool;
		};
		409A9595269D5C7500310C9D /* PBXContainerItemProxy */ = {
			isa = PBXContainerItemProxy;
			containerPortal = 409A956C269D5C7400310C9D /* Project object */;
			proxyType = 1;
			remoteGlobalIDString = 409A9573269D5C7400310C9D;
			remoteInfo = CommonTool;
		};
/* End PBXContainerItemProxy section */

/* Begin PBXFileReference section */
		11DA6F0AD5EA9D5B9294AB7B /* Pods-CommonTool-CommonToolUITests.debug.xcconfig */ = {isa = PBXFileReference; includeInIndex = 1; lastKnownFileType = text.xcconfig; name = "Pods-CommonTool-CommonToolUITests.debug.xcconfig"; path = "Target Support Files/Pods-CommonTool-CommonToolUITests/Pods-CommonTool-CommonToolUITests.debug.xcconfig"; sourceTree = "<group>"; };
		14C5C7726D333D2BFC812CAF /* Pods-CommonToolTests.release.xcconfig */ = {isa = PBXFileReference; includeInIndex = 1; lastKnownFileType = text.xcconfig; name = "Pods-CommonToolTests.release.xcconfig"; path = "Target Support Files/Pods-CommonToolTests/Pods-CommonToolTests.release.xcconfig"; sourceTree = "<group>"; };
		409A9574269D5C7400310C9D /* CommonTool.app */ = {isa = PBXFileReference; explicitFileType = wrapper.application; includeInIndex = 0; path = CommonTool.app; sourceTree = BUILT_PRODUCTS_DIR; };
		409A9577269D5C7400310C9D /* AppDelegate.swift */ = {isa = PBXFileReference; lastKnownFileType = sourcecode.swift; path = AppDelegate.swift; sourceTree = "<group>"; };
		409A9579269D5C7400310C9D /* SceneDelegate.swift */ = {isa = PBXFileReference; lastKnownFileType = sourcecode.swift; path = SceneDelegate.swift; sourceTree = "<group>"; };
		409A957B269D5C7400310C9D /* ViewController.swift */ = {isa = PBXFileReference; lastKnownFileType = sourcecode.swift; path = ViewController.swift; sourceTree = "<group>"; };
		409A957E269D5C7400310C9D /* Base */ = {isa = PBXFileReference; lastKnownFileType = file.storyboard; name = Base; path = Base.lproj/Main.storyboard; sourceTree = "<group>"; };
		409A9580269D5C7500310C9D /* Assets.xcassets */ = {isa = PBXFileReference; lastKnownFileType = folder.assetcatalog; path = Assets.xcassets; sourceTree = "<group>"; };
		409A9583269D5C7500310C9D /* Base */ = {isa = PBXFileReference; lastKnownFileType = file.storyboard; name = Base; path = Base.lproj/LaunchScreen.storyboard; sourceTree = "<group>"; };
		409A9585269D5C7500310C9D /* Info.plist */ = {isa = PBXFileReference; lastKnownFileType = text.plist.xml; path = Info.plist; sourceTree = "<group>"; };
		409A958A269D5C7500310C9D /* CommonToolTests.xctest */ = {isa = PBXFileReference; explicitFileType = wrapper.cfbundle; includeInIndex = 0; path = CommonToolTests.xctest; sourceTree = BUILT_PRODUCTS_DIR; };
		409A958E269D5C7500310C9D /* CommonToolTests.swift */ = {isa = PBXFileReference; lastKnownFileType = sourcecode.swift; path = CommonToolTests.swift; sourceTree = "<group>"; };
		409A9594269D5C7500310C9D /* CommonToolUITests.xctest */ = {isa = PBXFileReference; explicitFileType = wrapper.cfbundle; includeInIndex = 0; path = CommonToolUITests.xctest; sourceTree = BUILT_PRODUCTS_DIR; };
		409A9598269D5C7500310C9D /* CommonToolUITests.swift */ = {isa = PBXFileReference; lastKnownFileType = sourcecode.swift; path = CommonToolUITests.swift; sourceTree = "<group>"; };
		409A95A7269D5C9A00310C9D /* StuckMonitor.swift */ = {isa = PBXFileReference; fileEncoding = 4; lastKnownFileType = sourcecode.swift; path = StuckMonitor.swift; sourceTree = "<group>"; };
		409A95A8269D5C9A00310C9D /* StuckMonitorWindow.swift */ = {isa = PBXFileReference; fileEncoding = 4; lastKnownFileType = sourcecode.swift; path = StuckMonitorWindow.swift; sourceTree = "<group>"; };
		409A95AA269D5C9A00310C9D /* DMAlertAnimationController.swift */ = {isa = PBXFileReference; fileEncoding = 4; lastKnownFileType = sourcecode.swift; path = DMAlertAnimationController.swift; sourceTree = "<group>"; };
		409A95AB269D5C9A00310C9D /* DMAlertAction.swift */ = {isa = PBXFileReference; fileEncoding = 4; lastKnownFileType = sourcecode.swift; path = DMAlertAction.swift; sourceTree = "<group>"; };
		409A95AC269D5C9A00310C9D /* DMAlertController.swift */ = {isa = PBXFileReference; fileEncoding = 4; lastKnownFileType = sourcecode.swift; path = DMAlertController.swift; sourceTree = "<group>"; };
		409A95B0269D5C9A00310C9D /* SwiftyFitsize.swift */ = {isa = PBXFileReference; fileEncoding = 4; lastKnownFileType = sourcecode.swift; path = SwiftyFitsize.swift; sourceTree = "<group>"; };
		409A95B9269D5CA200310C9D /* Dictionary+TypeConvert.swift */ = {isa = PBXFileReference; fileEncoding = 4; lastKnownFileType = sourcecode.swift; path = "Dictionary+TypeConvert.swift"; sourceTree = "<group>"; };
		409A95BA269D5CA200310C9D /* UIColor+Covert.swift */ = {isa = PBXFileReference; fileEncoding = 4; lastKnownFileType = sourcecode.swift; path = "UIColor+Covert.swift"; sourceTree = "<group>"; };
		409A95BB269D5CA200310C9D /* CALayer+Gradient.swift */ = {isa = PBXFileReference; fileEncoding = 4; lastKnownFileType = sourcecode.swift; path = "CALayer+Gradient.swift"; sourceTree = "<group>"; };
		409A95BC269D5CA200310C9D /* String+Wrapper.swift */ = {isa = PBXFileReference; fileEncoding = 4; lastKnownFileType = sourcecode.swift; path = "String+Wrapper.swift"; sourceTree = "<group>"; };
		409A95BD269D5CA200310C9D /* UIViewController+Factory.swift */ = {isa = PBXFileReference; fileEncoding = 4; lastKnownFileType = sourcecode.swift; path = "UIViewController+Factory.swift"; sourceTree = "<group>"; };
		409A95BE269D5CA200310C9D /* UIApplication+Factory.swift */ = {isa = PBXFileReference; fileEncoding = 4; lastKnownFileType = sourcecode.swift; path = "UIApplication+Factory.swift"; sourceTree = "<group>"; };
		409A95BF269D5CA200310C9D /* UIView+CornerRadius.swift */ = {isa = PBXFileReference; fileEncoding = 4; lastKnownFileType = sourcecode.swift; path = "UIView+CornerRadius.swift"; sourceTree = "<group>"; };
		409A95C0269D5CA200310C9D /* UIButton+ImagePosition.swift */ = {isa = PBXFileReference; fileEncoding = 4; lastKnownFileType = sourcecode.swift; path = "UIButton+ImagePosition.swift"; sourceTree = "<group>"; };
		409A95C1269D5CA200310C9D /* UIColor+Define.swift */ = {isa = PBXFileReference; fileEncoding = 4; lastKnownFileType = sourcecode.swift; path = "UIColor+Define.swift"; sourceTree = "<group>"; };
		409A95CC269D5CAA00310C9D /* SizeDesign.swift */ = {isa = PBXFileReference; fileEncoding = 4; lastKnownFileType = sourcecode.swift; path = SizeDesign.swift; sourceTree = "<group>"; };
		409A95CD269D5CAA00310C9D /* SystemDesign.swift */ = {isa = PBXFileReference; fileEncoding = 4; lastKnownFileType = sourcecode.swift; path = SystemDesign.swift; sourceTree = "<group>"; };
		409A95CE269D5CAA00310C9D /* FontDesign.swift */ = {isa = PBXFileReference; fileEncoding = 4; lastKnownFileType = sourcecode.swift; path = FontDesign.swift; sourceTree = "<group>"; };
		409A95D2269D5D5600310C9D /* ZXAuthView.swift */ = {isa = PBXFileReference; fileEncoding = 4; lastKnownFileType = sourcecode.swift; path = ZXAuthView.swift; sourceTree = "<group>"; };
		5DE2D02A8F609214EF132543 /* Pods-CommonTool-CommonToolUITests.release.xcconfig */ = {isa = PBXFileReference; includeInIndex = 1; lastKnownFileType = text.xcconfig; name = "Pods-CommonTool-CommonToolUITests.release.xcconfig"; path = "Target Support Files/Pods-CommonTool-CommonToolUITests/Pods-CommonTool-CommonToolUITests.release.xcconfig"; sourceTree = "<group>"; };
		6408DAD4CC146962D22C65FB /* Pods_CommonToolTests.framework */ = {isa = PBXFileReference; explicitFileType = wrapper.framework; includeInIndex = 0; path = Pods_CommonToolTests.framework; sourceTree = BUILT_PRODUCTS_DIR; };
		794736512CA2F39AF869EECF /* Pods-CommonTool.release.xcconfig */ = {isa = PBXFileReference; includeInIndex = 1; lastKnownFileType = text.xcconfig; name = "Pods-CommonTool.release.xcconfig"; path = "Target Support Files/Pods-CommonTool/Pods-CommonTool.release.xcconfig"; sourceTree = "<group>"; };
		8A229831A516913F820FE334 /* Pods_CommonTool_CommonToolUITests.framework */ = {isa = PBXFileReference; explicitFileType = wrapper.framework; includeInIndex = 0; path = Pods_CommonTool_CommonToolUITests.framework; sourceTree = BUILT_PRODUCTS_DIR; };
		90FB12BFB99371C33752842F /* Pods-CommonToolTests.debug.xcconfig */ = {isa = PBXFileReference; includeInIndex = 1; lastKnownFileType = text.xcconfig; name = "Pods-CommonToolTests.debug.xcconfig"; path = "Target Support Files/Pods-CommonToolTests/Pods-CommonToolTests.debug.xcconfig"; sourceTree = "<group>"; };
		CC0D63871A353E2ECF02FA4C /* Pods_CommonTool.framework */ = {isa = PBXFileReference; explicitFileType = wrapper.framework; includeInIndex = 0; path = Pods_CommonTool.framework; sourceTree = BUILT_PRODUCTS_DIR; };
		DF8C3A8CB8A601698C532B29 /* Pods-CommonTool.debug.xcconfig */ = {isa = PBXFileReference; includeInIndex = 1; lastKnownFileType = text.xcconfig; name = "Pods-CommonTool.debug.xcconfig"; path = "Target Support Files/Pods-CommonTool/Pods-CommonTool.debug.xcconfig"; sourceTree = "<group>"; };
/* End PBXFileReference section */

/* Begin PBXFrameworksBuildPhase section */
		409A9571269D5C7400310C9D /* Frameworks */ = {
			isa = PBXFrameworksBuildPhase;
			buildActionMask = 2147483647;
			files = (
				82ECFD2F514AEBB2D17CABA1 /* Pods_CommonTool.framework in Frameworks */,
			);
			runOnlyForDeploymentPostprocessing = 0;
		};
		409A9587269D5C7500310C9D /* Frameworks */ = {
			isa = PBXFrameworksBuildPhase;
			buildActionMask = 2147483647;
			files = (
				22162AFCEB2979A427AE05D8 /* Pods_CommonToolTests.framework in Frameworks */,
			);
			runOnlyForDeploymentPostprocessing = 0;
		};
		409A9591269D5C7500310C9D /* Frameworks */ = {
			isa = PBXFrameworksBuildPhase;
			buildActionMask = 2147483647;
			files = (
				AB07E22DA560D72452DD81A9 /* Pods_CommonTool_CommonToolUITests.framework in Frameworks */,
			);
			runOnlyForDeploymentPostprocessing = 0;
		};
/* End PBXFrameworksBuildPhase section */

/* Begin PBXGroup section */
		409A956B269D5C7400310C9D = {
			isa = PBXGroup;
			children = (
				409A9576269D5C7400310C9D /* CommonTool */,
				409A958D269D5C7500310C9D /* CommonToolTests */,
				409A9597269D5C7500310C9D /* CommonToolUITests */,
				409A9575269D5C7400310C9D /* Products */,
				5C4B10AD9A69B6F321F3BE73 /* Pods */,
				6DED24851534FC3F7247CCA4 /* Frameworks */,
			);
			sourceTree = "<group>";
		};
		409A9575269D5C7400310C9D /* Products */ = {
			isa = PBXGroup;
			children = (
				409A9574269D5C7400310C9D /* CommonTool.app */,
				409A958A269D5C7500310C9D /* CommonToolTests.xctest */,
				409A9594269D5C7500310C9D /* CommonToolUITests.xctest */,
			);
			name = Products;
			sourceTree = "<group>";
		};
		409A9576269D5C7400310C9D /* CommonTool */ = {
			isa = PBXGroup;
			children = (
				409A95A5269D5C9A00310C9D /* Utility */,
				409A95B8269D5CA200310C9D /* Extension */,
				409A95CB269D5CAA00310C9D /* Adaptive */,
				409A9577269D5C7400310C9D /* AppDelegate.swift */,
				409A9579269D5C7400310C9D /* SceneDelegate.swift */,
				409A957B269D5C7400310C9D /* ViewController.swift */,
				409A957D269D5C7400310C9D /* Main.storyboard */,
				409A9580269D5C7500310C9D /* Assets.xcassets */,
				409A9582269D5C7500310C9D /* LaunchScreen.storyboard */,
				409A9585269D5C7500310C9D /* Info.plist */,
			);
			path = CommonTool;
			sourceTree = "<group>";
		};
		409A958D269D5C7500310C9D /* CommonToolTests */ = {
			isa = PBXGroup;
			children = (
				409A958E269D5C7500310C9D /* CommonToolTests.swift */,
			);
			path = CommonToolTests;
			sourceTree = "<group>";
		};
		409A9597269D5C7500310C9D /* CommonToolUITests */ = {
			isa = PBXGroup;
			children = (
				409A9598269D5C7500310C9D /* CommonToolUITests.swift */,
			);
			path = CommonToolUITests;
			sourceTree = "<group>";
		};
		409A95A5269D5C9A00310C9D /* Utility */ = {
			isa = PBXGroup;
			children = (
				409A95A6269D5C9A00310C9D /* Monitor */,
				409A95A9269D5C9A00310C9D /* AlertView */,
				409A95AD269D5C9A00310C9D /* AuthView */,
				409A95AF269D5C9A00310C9D /* FitSize */,
			);
			path = Utility;
			sourceTree = "<group>";
		};
		409A95A6269D5C9A00310C9D /* Monitor */ = {
			isa = PBXGroup;
			children = (
				409A95A7269D5C9A00310C9D /* StuckMonitor.swift */,
				409A95A8269D5C9A00310C9D /* StuckMonitorWindow.swift */,
			);
			path = Monitor;
			sourceTree = "<group>";
		};
		409A95A9269D5C9A00310C9D /* AlertView */ = {
			isa = PBXGroup;
			children = (
				409A95AA269D5C9A00310C9D /* DMAlertAnimationController.swift */,
				409A95AB269D5C9A00310C9D /* DMAlertAction.swift */,
				409A95AC269D5C9A00310C9D /* DMAlertController.swift */,
			);
			path = AlertView;
			sourceTree = "<group>";
		};
		409A95AD269D5C9A00310C9D /* AuthView */ = {
			isa = PBXGroup;
			children = (
				409A95D2269D5D5600310C9D /* ZXAuthView.swift */,
			);
			path = AuthView;
			sourceTree = "<group>";
		};
		409A95AF269D5C9A00310C9D /* FitSize */ = {
			isa = PBXGroup;
			children = (
				409A95B0269D5C9A00310C9D /* SwiftyFitsize.swift */,
			);
			path = FitSize;
			sourceTree = "<group>";
		};
		409A95B8269D5CA200310C9D /* Extension */ = {
			isa = PBXGroup;
			children = (
				409A95B9269D5CA200310C9D /* Dictionary+TypeConvert.swift */,
				409A95BA269D5CA200310C9D /* UIColor+Covert.swift */,
				409A95BB269D5CA200310C9D /* CALayer+Gradient.swift */,
				409A95BC269D5CA200310C9D /* String+Wrapper.swift */,
				409A95BD269D5CA200310C9D /* UIViewController+Factory.swift */,
				409A95BE269D5CA200310C9D /* UIApplication+Factory.swift */,
				409A95BF269D5CA200310C9D /* UIView+CornerRadius.swift */,
				409A95C0269D5CA200310C9D /* UIButton+ImagePosition.swift */,
				409A95C1269D5CA200310C9D /* UIColor+Define.swift */,
			);
			path = Extension;
			sourceTree = "<group>";
		};
		409A95CB269D5CAA00310C9D /* Adaptive */ = {
			isa = PBXGroup;
			children = (
				409A95CC269D5CAA00310C9D /* SizeDesign.swift */,
				409A95CD269D5CAA00310C9D /* SystemDesign.swift */,
				409A95CE269D5CAA00310C9D /* FontDesign.swift */,
			);
			path = Adaptive;
			sourceTree = "<group>";
		};
		5C4B10AD9A69B6F321F3BE73 /* Pods */ = {
			isa = PBXGroup;
			children = (
				DF8C3A8CB8A601698C532B29 /* Pods-CommonTool.debug.xcconfig */,
				794736512CA2F39AF869EECF /* Pods-CommonTool.release.xcconfig */,
				11DA6F0AD5EA9D5B9294AB7B /* Pods-CommonTool-CommonToolUITests.debug.xcconfig */,
				5DE2D02A8F609214EF132543 /* Pods-CommonTool-CommonToolUITests.release.xcconfig */,
				90FB12BFB99371C33752842F /* Pods-CommonToolTests.debug.xcconfig */,
				14C5C7726D333D2BFC812CAF /* Pods-CommonToolTests.release.xcconfig */,
			);
			name = Pods;
			path = Pods;
			sourceTree = "<group>";
		};
		6DED24851534FC3F7247CCA4 /* Frameworks */ = {
			isa = PBXGroup;
			children = (
				CC0D63871A353E2ECF02FA4C /* Pods_CommonTool.framework */,
				8A229831A516913F820FE334 /* Pods_CommonTool_CommonToolUITests.framework */,
				6408DAD4CC146962D22C65FB /* Pods_CommonToolTests.framework */,
			);
			name = Frameworks;
			sourceTree = "<group>";
		};
/* End PBXGroup section */

/* Begin PBXNativeTarget section */
		409A9573269D5C7400310C9D /* CommonTool */ = {
			isa = PBXNativeTarget;
			buildConfigurationList = 409A959C269D5C7500310C9D /* Build configuration list for PBXNativeTarget "CommonTool" */;
			buildPhases = (
				54A3B9AB95E530B771A6AB90 /* [CP] Check Pods Manifest.lock */,
				409A9570269D5C7400310C9D /* Sources */,
				409A9571269D5C7400310C9D /* Frameworks */,
				409A9572269D5C7400310C9D /* Resources */,
				C1A3A255F9C0171FC5ABCED0 /* [CP] Embed Pods Frameworks */,
			);
			buildRules = (
			);
			dependencies = (
			);
			name = CommonTool;
			productName = CommonTool;
			productReference = 409A9574269D5C7400310C9D /* CommonTool.app */;
			productType = "com.apple.product-type.application";
		};
		409A9589269D5C7500310C9D /* CommonToolTests */ = {
			isa = PBXNativeTarget;
			buildConfigurationList = 409A959F269D5C7500310C9D /* Build configuration list for PBXNativeTarget "CommonToolTests" */;
			buildPhases = (
				783AE4DF30C88D95019F680F /* [CP] Check Pods Manifest.lock */,
				409A9586269D5C7500310C9D /* Sources */,
				409A9587269D5C7500310C9D /* Frameworks */,
				409A9588269D5C7500310C9D /* Resources */,
			);
			buildRules = (
			);
			dependencies = (
				409A958C269D5C7500310C9D /* PBXTargetDependency */,
			);
			name = CommonToolTests;
			productName = CommonToolTests;
			productReference = 409A958A269D5C7500310C9D /* CommonToolTests.xctest */;
			productType = "com.apple.product-type.bundle.unit-test";
		};
		409A9593269D5C7500310C9D /* CommonToolUITests */ = {
			isa = PBXNativeTarget;
			buildConfigurationList = 409A95A2269D5C7500310C9D /* Build configuration list for PBXNativeTarget "CommonToolUITests" */;
			buildPhases = (
				4B09F72A72DBFD8802FE93E4 /* [CP] Check Pods Manifest.lock */,
				409A9590269D5C7500310C9D /* Sources */,
				409A9591269D5C7500310C9D /* Frameworks */,
				409A9592269D5C7500310C9D /* Resources */,
				8730EE87C1E3F99B3F77394E /* [CP] Embed Pods Frameworks */,
			);
			buildRules = (
			);
			dependencies = (
				409A9596269D5C7500310C9D /* PBXTargetDependency */,
			);
			name = CommonToolUITests;
			productName = CommonToolUITests;
			productReference = 409A9594269D5C7500310C9D /* CommonToolUITests.xctest */;
			productType = "com.apple.product-type.bundle.ui-testing";
		};
/* End PBXNativeTarget section */

/* Begin PBXProject section */
		409A956C269D5C7400310C9D /* Project object */ = {
			isa = PBXProject;
			attributes = {
				BuildIndependentTargetsInParallel = 1;
				LastSwiftUpdateCheck = 1300;
				LastUpgradeCheck = 1300;
				TargetAttributes = {
					409A9573269D5C7400310C9D = {
						CreatedOnToolsVersion = 13.0;
					};
					409A9589269D5C7500310C9D = {
						CreatedOnToolsVersion = 13.0;
						TestTargetID = 409A9573269D5C7400310C9D;
					};
					409A9593269D5C7500310C9D = {
						CreatedOnToolsVersion = 13.0;
						TestTargetID = 409A9573269D5C7400310C9D;
					};
				};
			};
			buildConfigurationList = 409A956F269D5C7400310C9D /* Build configuration list for PBXProject "CommonTool" */;
			compatibilityVersion = "Xcode 12.0";
			developmentRegion = en;
			hasScannedForEncodings = 0;
			knownRegions = (
				en,
				Base,
			);
			mainGroup = 409A956B269D5C7400310C9D;
			productRefGroup = 409A9575269D5C7400310C9D /* Products */;
			projectDirPath = "";
			projectRoot = "";
			targets = (
				409A9573269D5C7400310C9D /* CommonTool */,
				409A9589269D5C7500310C9D /* CommonToolTests */,
				409A9593269D5C7500310C9D /* CommonToolUITests */,
			);
		};
/* End PBXProject section */

/* Begin PBXResourcesBuildPhase section */
		409A9572269D5C7400310C9D /* Resources */ = {
			isa = PBXResourcesBuildPhase;
			buildActionMask = 2147483647;
			files = (
				409A9584269D5C7500310C9D /* LaunchScreen.storyboard in Resources */,
				409A9581269D5C7500310C9D /* Assets.xcassets in Resources */,
				409A957F269D5C7400310C9D /* Main.storyboard in Resources */,
			);
			runOnlyForDeploymentPostprocessing = 0;
		};
		409A9588269D5C7500310C9D /* Resources */ = {
			isa = PBXResourcesBuildPhase;
			buildActionMask = 2147483647;
			files = (
			);
			runOnlyForDeploymentPostprocessing = 0;
		};
		409A9592269D5C7500310C9D /* Resources */ = {
			isa = PBXResourcesBuildPhase;
			buildActionMask = 2147483647;
			files = (
			);
			runOnlyForDeploymentPostprocessing = 0;
		};
/* End PBXResourcesBuildPhase section */

/* Begin PBXShellScriptBuildPhase section */
		4B09F72A72DBFD8802FE93E4 /* [CP] Check Pods Manifest.lock */ = {
			isa = PBXShellScriptBuildPhase;
			buildActionMask = 2147483647;
			files = (
			);
			inputFileListPaths = (
			);
			inputPaths = (
				"${PODS_PODFILE_DIR_PATH}/Podfile.lock",
				"${PODS_ROOT}/Manifest.lock",
			);
			name = "[CP] Check Pods Manifest.lock";
			outputFileListPaths = (
			);
			outputPaths = (
				"$(DERIVED_FILE_DIR)/Pods-CommonTool-CommonToolUITests-checkManifestLockResult.txt",
			);
			runOnlyForDeploymentPostprocessing = 0;
			shellPath = /bin/sh;
			shellScript = "diff \"${PODS_PODFILE_DIR_PATH}/Podfile.lock\" \"${PODS_ROOT}/Manifest.lock\" > /dev/null\nif [ $? != 0 ] ; then\n    # print error to STDERR\n    echo \"error: The sandbox is not in sync with the Podfile.lock. Run 'pod install' or update your CocoaPods installation.\" >&2\n    exit 1\nfi\n# This output is used by Xcode 'outputs' to avoid re-running this script phase.\necho \"SUCCESS\" > \"${SCRIPT_OUTPUT_FILE_0}\"\n";
			showEnvVarsInLog = 0;
		};
		54A3B9AB95E530B771A6AB90 /* [CP] Check Pods Manifest.lock */ = {
			isa = PBXShellScriptBuildPhase;
			buildActionMask = 2147483647;
			files = (
			);
			inputFileListPaths = (
			);
			inputPaths = (
				"${PODS_PODFILE_DIR_PATH}/Podfile.lock",
				"${PODS_ROOT}/Manifest.lock",
			);
			name = "[CP] Check Pods Manifest.lock";
			outputFileListPaths = (
			);
			outputPaths = (
				"$(DERIVED_FILE_DIR)/Pods-CommonTool-checkManifestLockResult.txt",
			);
			runOnlyForDeploymentPostprocessing = 0;
			shellPath = /bin/sh;
			shellScript = "diff \"${PODS_PODFILE_DIR_PATH}/Podfile.lock\" \"${PODS_ROOT}/Manifest.lock\" > /dev/null\nif [ $? != 0 ] ; then\n    # print error to STDERR\n    echo \"error: The sandbox is not in sync with the Podfile.lock. Run 'pod install' or update your CocoaPods installation.\" >&2\n    exit 1\nfi\n# This output is used by Xcode 'outputs' to avoid re-running this script phase.\necho \"SUCCESS\" > \"${SCRIPT_OUTPUT_FILE_0}\"\n";
			showEnvVarsInLog = 0;
		};
		783AE4DF30C88D95019F680F /* [CP] Check Pods Manifest.lock */ = {
			isa = PBXShellScriptBuildPhase;
			buildActionMask = 2147483647;
			files = (
			);
			inputFileListPaths = (
			);
			inputPaths = (
				"${PODS_PODFILE_DIR_PATH}/Podfile.lock",
				"${PODS_ROOT}/Manifest.lock",
			);
			name = "[CP] Check Pods Manifest.lock";
			outputFileListPaths = (
			);
			outputPaths = (
				"$(DERIVED_FILE_DIR)/Pods-CommonToolTests-checkManifestLockResult.txt",
			);
			runOnlyForDeploymentPostprocessing = 0;
			shellPath = /bin/sh;
			shellScript = "diff \"${PODS_PODFILE_DIR_PATH}/Podfile.lock\" \"${PODS_ROOT}/Manifest.lock\" > /dev/null\nif [ $? != 0 ] ; then\n    # print error to STDERR\n    echo \"error: The sandbox is not in sync with the Podfile.lock. Run 'pod install' or update your CocoaPods installation.\" >&2\n    exit 1\nfi\n# This output is used by Xcode 'outputs' to avoid re-running this script phase.\necho \"SUCCESS\" > \"${SCRIPT_OUTPUT_FILE_0}\"\n";
			showEnvVarsInLog = 0;
		};
		8730EE87C1E3F99B3F77394E /* [CP] Embed Pods Frameworks */ = {
			isa = PBXShellScriptBuildPhase;
			buildActionMask = 2147483647;
			files = (
			);
			inputFileListPaths = (
				"${PODS_ROOT}/Target Support Files/Pods-CommonTool-CommonToolUITests/Pods-CommonTool-CommonToolUITests-frameworks-${CONFIGURATION}-input-files.xcfilelist",
			);
			name = "[CP] Embed Pods Frameworks";
			outputFileListPaths = (
				"${PODS_ROOT}/Target Support Files/Pods-CommonTool-CommonToolUITests/Pods-CommonTool-CommonToolUITests-frameworks-${CONFIGURATION}-output-files.xcfilelist",
			);
			runOnlyForDeploymentPostprocessing = 0;
			shellPath = /bin/sh;
			shellScript = "\"${PODS_ROOT}/Target Support Files/Pods-CommonTool-CommonToolUITests/Pods-CommonTool-CommonToolUITests-frameworks.sh\"\n";
			showEnvVarsInLog = 0;
		};
		C1A3A255F9C0171FC5ABCED0 /* [CP] Embed Pods Frameworks */ = {
			isa = PBXShellScriptBuildPhase;
			buildActionMask = 2147483647;
			files = (
			);
			inputFileListPaths = (
				"${PODS_ROOT}/Target Support Files/Pods-CommonTool/Pods-CommonTool-frameworks-${CONFIGURATION}-input-files.xcfilelist",
			);
			name = "[CP] Embed Pods Frameworks";
			outputFileListPaths = (
				"${PODS_ROOT}/Target Support Files/Pods-CommonTool/Pods-CommonTool-frameworks-${CONFIGURATION}-output-files.xcfilelist",
			);
			runOnlyForDeploymentPostprocessing = 0;
			shellPath = /bin/sh;
			shellScript = "\"${PODS_ROOT}/Target Support Files/Pods-CommonTool/Pods-CommonTool-frameworks.sh\"\n";
			showEnvVarsInLog = 0;
		};
/* End PBXShellScriptBuildPhase section */

/* Begin PBXSourcesBuildPhase section */
		409A9570269D5C7400310C9D /* Sources */ = {
			isa = PBXSourcesBuildPhase;
			buildActionMask = 2147483647;
			files = (
				409A95C5269D5CA200310C9D /* String+Wrapper.swift in Sources */,
				409A95CA269D5CA200310C9D /* UIColor+Define.swift in Sources */,
				409A95B2269D5C9A00310C9D /* StuckMonitorWindow.swift in Sources */,
				409A95C6269D5CA200310C9D /* UIViewController+Factory.swift in Sources */,
				409A95D3269D5D5600310C9D /* ZXAuthView.swift in Sources */,
				409A95C8269D5CA200310C9D /* UIView+CornerRadius.swift in Sources */,
				409A95D1269D5CAA00310C9D /* FontDesign.swift in Sources */,
				409A95B4269D5C9A00310C9D /* DMAlertAction.swift in Sources */,
				409A95C9269D5CA200310C9D /* UIButton+ImagePosition.swift in Sources */,
				409A95D0269D5CAA00310C9D /* SystemDesign.swift in Sources */,
				409A957C269D5C7400310C9D /* ViewController.swift in Sources */,
				409A95B3269D5C9A00310C9D /* DMAlertAnimationController.swift in Sources */,
				409A9578269D5C7400310C9D /* AppDelegate.swift in Sources */,
				409A95B7269D5C9A00310C9D /* SwiftyFitsize.swift in Sources */,
				409A957A269D5C7400310C9D /* SceneDelegate.swift in Sources */,
				409A95C4269D5CA200310C9D /* CALayer+Gradient.swift in Sources */,
				409A95C7269D5CA200310C9D /* UIApplication+Factory.swift in Sources */,
				409A95C2269D5CA200310C9D /* Dictionary+TypeConvert.swift in Sources */,
				409A95CF269D5CAA00310C9D /* SizeDesign.swift in Sources */,
				409A95B1269D5C9A00310C9D /* StuckMonitor.swift in Sources */,
				409A95C3269D5CA200310C9D /* UIColor+Covert.swift in Sources */,
				409A95B5269D5C9A00310C9D /* DMAlertController.swift in Sources */,
			);
			runOnlyForDeploymentPostprocessing = 0;
		};
		409A9586269D5C7500310C9D /* Sources */ = {
			isa = PBXSourcesBuildPhase;
			buildActionMask = 2147483647;
			files = (
				409A958F269D5C7500310C9D /* CommonToolTests.swift in Sources */,
			);
			runOnlyForDeploymentPostprocessing = 0;
		};
		409A9590269D5C7500310C9D /* Sources */ = {
			isa = PBXSourcesBuildPhase;
			buildActionMask = 2147483647;
			files = (
				409A9599269D5C7500310C9D /* CommonToolUITests.swift in Sources */,
			);
			runOnlyForDeploymentPostprocessing = 0;
		};
/* End PBXSourcesBuildPhase section */

/* Begin PBXTargetDependency section */
		409A958C269D5C7500310C9D /* PBXTargetDependency */ = {
			isa = PBXTargetDependency;
			target = 409A9573269D5C7400310C9D /* CommonTool */;
			targetProxy = 409A958B269D5C7500310C9D /* PBXContainerItemProxy */;
		};
		409A9596269D5C7500310C9D /* PBXTargetDependency */ = {
			isa = PBXTargetDependency;
			target = 409A9573269D5C7400310C9D /* CommonTool */;
			targetProxy = 409A9595269D5C7500310C9D /* PBXContainerItemProxy */;
		};
/* End PBXTargetDependency section */

/* Begin PBXVariantGroup section */
		409A957D269D5C7400310C9D /* Main.storyboard */ = {
			isa = PBXVariantGroup;
			children = (
				409A957E269D5C7400310C9D /* Base */,
			);
			name = Main.storyboard;
			sourceTree = "<group>";
		};
		409A9582269D5C7500310C9D /* LaunchScreen.storyboard */ = {
			isa = PBXVariantGroup;
			children = (
				409A9583269D5C7500310C9D /* Base */,
			);
			name = LaunchScreen.storyboard;
			sourceTree = "<group>";
		};
/* End PBXVariantGroup section */

/* Begin XCBuildConfiguration section */
		409A959A269D5C7500310C9D /* Debug */ = {
			isa = XCBuildConfiguration;
			buildSettings = {
				ALWAYS_SEARCH_USER_PATHS = NO;
				CLANG_ANALYZER_NONNULL = YES;
				CLANG_ANALYZER_NUMBER_OBJECT_CONVERSION = YES_AGGRESSIVE;
				CLANG_CXX_LANGUAGE_STANDARD = "gnu++14";
				CLANG_CXX_LIBRARY = "libc++";
				CLANG_ENABLE_MODULES = YES;
				CLANG_ENABLE_OBJC_ARC = YES;
				CLANG_ENABLE_OBJC_WEAK = YES;
				CLANG_WARN_BLOCK_CAPTURE_AUTORELEASING = YES;
				CLANG_WARN_BOOL_CONVERSION = YES;
				CLANG_WARN_COMMA = YES;
				CLANG_WARN_CONSTANT_CONVERSION = YES;
				CLANG_WARN_DEPRECATED_OBJC_IMPLEMENTATIONS = YES;
				CLANG_WARN_DIRECT_OBJC_ISA_USAGE = YES_ERROR;
				CLANG_WARN_DOCUMENTATION_COMMENTS = YES;
				CLANG_WARN_EMPTY_BODY = YES;
				CLANG_WARN_ENUM_CONVERSION = YES;
				CLANG_WARN_INFINITE_RECURSION = YES;
				CLANG_WARN_INT_CONVERSION = YES;
				CLANG_WARN_NON_LITERAL_NULL_CONVERSION = YES;
				CLANG_WARN_OBJC_IMPLICIT_RETAIN_SELF = YES;
				CLANG_WARN_OBJC_LITERAL_CONVERSION = YES;
				CLANG_WARN_OBJC_ROOT_CLASS = YES_ERROR;
				CLANG_WARN_QUOTED_INCLUDE_IN_FRAMEWORK_HEADER = YES;
				CLANG_WARN_RANGE_LOOP_ANALYSIS = YES;
				CLANG_WARN_STRICT_PROTOTYPES = YES;
				CLANG_WARN_SUSPICIOUS_MOVE = YES;
				CLANG_WARN_UNGUARDED_AVAILABILITY = YES_AGGRESSIVE;
				CLANG_WARN_UNREACHABLE_CODE = YES;
				CLANG_WARN__DUPLICATE_METHOD_MATCH = YES;
				COPY_PHASE_STRIP = NO;
				DEBUG_INFORMATION_FORMAT = dwarf;
				ENABLE_STRICT_OBJC_MSGSEND = YES;
				ENABLE_TESTABILITY = YES;
				GCC_C_LANGUAGE_STANDARD = gnu11;
				GCC_DYNAMIC_NO_PIC = NO;
				GCC_NO_COMMON_BLOCKS = YES;
				GCC_OPTIMIZATION_LEVEL = 0;
				GCC_PREPROCESSOR_DEFINITIONS = (
					"DEBUG=1",
					"$(inherited)",
				);
				GCC_WARN_64_TO_32_BIT_CONVERSION = YES;
				GCC_WARN_ABOUT_RETURN_TYPE = YES_ERROR;
				GCC_WARN_UNDECLARED_SELECTOR = YES;
				GCC_WARN_UNINITIALIZED_AUTOS = YES_AGGRESSIVE;
				GCC_WARN_UNUSED_FUNCTION = YES;
				GCC_WARN_UNUSED_VARIABLE = YES;
				IPHONEOS_DEPLOYMENT_TARGET = 15.0;
				MTL_ENABLE_DEBUG_INFO = INCLUDE_SOURCE;
				MTL_FAST_MATH = YES;
				ONLY_ACTIVE_ARCH = YES;
				SDKROOT = iphoneos;
				SWIFT_ACTIVE_COMPILATION_CONDITIONS = DEBUG;
				SWIFT_OPTIMIZATION_LEVEL = "-Onone";
			};
			name = Debug;
		};
		409A959B269D5C7500310C9D /* Release */ = {
			isa = XCBuildConfiguration;
			buildSettings = {
				ALWAYS_SEARCH_USER_PATHS = NO;
				CLANG_ANALYZER_NONNULL = YES;
				CLANG_ANALYZER_NUMBER_OBJECT_CONVERSION = YES_AGGRESSIVE;
				CLANG_CXX_LANGUAGE_STANDARD = "gnu++14";
				CLANG_CXX_LIBRARY = "libc++";
				CLANG_ENABLE_MODULES = YES;
				CLANG_ENABLE_OBJC_ARC = YES;
				CLANG_ENABLE_OBJC_WEAK = YES;
				CLANG_WARN_BLOCK_CAPTURE_AUTORELEASING = YES;
				CLANG_WARN_BOOL_CONVERSION = YES;
				CLANG_WARN_COMMA = YES;
				CLANG_WARN_CONSTANT_CONVERSION = YES;
				CLANG_WARN_DEPRECATED_OBJC_IMPLEMENTATIONS = YES;
				CLANG_WARN_DIRECT_OBJC_ISA_USAGE = YES_ERROR;
				CLANG_WARN_DOCUMENTATION_COMMENTS = YES;
				CLANG_WARN_EMPTY_BODY = YES;
				CLANG_WARN_ENUM_CONVERSION = YES;
				CLANG_WARN_INFINITE_RECURSION = YES;
				CLANG_WARN_INT_CONVERSION = YES;
				CLANG_WARN_NON_LITERAL_NULL_CONVERSION = YES;
				CLANG_WARN_OBJC_IMPLICIT_RETAIN_SELF = YES;
				CLANG_WARN_OBJC_LITERAL_CONVERSION = YES;
				CLANG_WARN_OBJC_ROOT_CLASS = YES_ERROR;
				CLANG_WARN_QUOTED_INCLUDE_IN_FRAMEWORK_HEADER = YES;
				CLANG_WARN_RANGE_LOOP_ANALYSIS = YES;
				CLANG_WARN_STRICT_PROTOTYPES = YES;
				CLANG_WARN_SUSPICIOUS_MOVE = YES;
				CLANG_WARN_UNGUARDED_AVAILABILITY = YES_AGGRESSIVE;
				CLANG_WARN_UNREACHABLE_CODE = YES;
				CLANG_WARN__DUPLICATE_METHOD_MATCH = YES;
				COPY_PHASE_STRIP = NO;
				DEBUG_INFORMATION_FORMAT = "dwarf-with-dsym";
				ENABLE_NS_ASSERTIONS = NO;
				ENABLE_STRICT_OBJC_MSGSEND = YES;
				GCC_C_LANGUAGE_STANDARD = gnu11;
				GCC_NO_COMMON_BLOCKS = YES;
				GCC_WARN_64_TO_32_BIT_CONVERSION = YES;
				GCC_WARN_ABOUT_RETURN_TYPE = YES_ERROR;
				GCC_WARN_UNDECLARED_SELECTOR = YES;
				GCC_WARN_UNINITIALIZED_AUTOS = YES_AGGRESSIVE;
				GCC_WARN_UNUSED_FUNCTION = YES;
				GCC_WARN_UNUSED_VARIABLE = YES;
				IPHONEOS_DEPLOYMENT_TARGET = 15.0;
				MTL_ENABLE_DEBUG_INFO = NO;
				MTL_FAST_MATH = YES;
				SDKROOT = iphoneos;
				SWIFT_COMPILATION_MODE = wholemodule;
				SWIFT_OPTIMIZATION_LEVEL = "-O";
				VALIDATE_PRODUCT = YES;
			};
			name = Release;
		};
		409A959D269D5C7500310C9D /* Debug */ = {
			isa = XCBuildConfiguration;
			baseConfigurationReference = DF8C3A8CB8A601698C532B29 /* Pods-CommonTool.debug.xcconfig */;
			buildSettings = {
				ASSETCATALOG_COMPILER_APPICON_NAME = AppIcon;
				ASSETCATALOG_COMPILER_GLOBAL_ACCENT_COLOR_NAME = AccentColor;
				CODE_SIGN_STYLE = Automatic;
				CURRENT_PROJECT_VERSION = 1;
				GENERATE_INFOPLIST_FILE = YES;
				INFOPLIST_FILE = CommonTool/Info.plist;
				INFOPLIST_KEY_UIApplicationSupportsIndirectInputEvents = YES;
				INFOPLIST_KEY_UILaunchStoryboardName = LaunchScreen;
				INFOPLIST_KEY_UIMainStoryboardFile = Main;
				INFOPLIST_KEY_UISupportedInterfaceOrientations_iPad = "UIInterfaceOrientationPortrait UIInterfaceOrientationPortraitUpsideDown UIInterfaceOrientationLandscapeLeft UIInterfaceOrientationLandscapeRight";
				INFOPLIST_KEY_UISupportedInterfaceOrientations_iPhone = "UIInterfaceOrientationPortrait UIInterfaceOrientationLandscapeLeft UIInterfaceOrientationLandscapeRight";
				LD_RUNPATH_SEARCH_PATHS = (
					"$(inherited)",
					"@executable_path/Frameworks",
				);
				MARKETING_VERSION = 1.0;
				PRODUCT_BUNDLE_IDENTIFIER = Calvin.CommonTool;
				PRODUCT_NAME = "$(TARGET_NAME)";
				SWIFT_EMIT_LOC_STRINGS = YES;
				SWIFT_VERSION = 5.0;
				TARGETED_DEVICE_FAMILY = "1,2";
			};
			name = Debug;
		};
		409A959E269D5C7500310C9D /* Release */ = {
			isa = XCBuildConfiguration;
			baseConfigurationReference = 794736512CA2F39AF869EECF /* Pods-CommonTool.release.xcconfig */;
			buildSettings = {
				ASSETCATALOG_COMPILER_APPICON_NAME = AppIcon;
				ASSETCATALOG_COMPILER_GLOBAL_ACCENT_COLOR_NAME = AccentColor;
				CODE_SIGN_STYLE = Automatic;
				CURRENT_PROJECT_VERSION = 1;
				GENERATE_INFOPLIST_FILE = YES;
				INFOPLIST_FILE = CommonTool/Info.plist;
				INFOPLIST_KEY_UIApplicationSupportsIndirectInputEvents = YES;
				INFOPLIST_KEY_UILaunchStoryboardName = LaunchScreen;
				INFOPLIST_KEY_UIMainStoryboardFile = Main;
				INFOPLIST_KEY_UISupportedInterfaceOrientations_iPad = "UIInterfaceOrientationPortrait UIInterfaceOrientationPortraitUpsideDown UIInterfaceOrientationLandscapeLeft UIInterfaceOrientationLandscapeRight";
				INFOPLIST_KEY_UISupportedInterfaceOrientations_iPhone = "UIInterfaceOrientationPortrait UIInterfaceOrientationLandscapeLeft UIInterfaceOrientationLandscapeRight";
				LD_RUNPATH_SEARCH_PATHS = (
					"$(inherited)",
					"@executable_path/Frameworks",
				);
				MARKETING_VERSION = 1.0;
				PRODUCT_BUNDLE_IDENTIFIER = Calvin.CommonTool;
				PRODUCT_NAME = "$(TARGET_NAME)";
				SWIFT_EMIT_LOC_STRINGS = YES;
				SWIFT_VERSION = 5.0;
				TARGETED_DEVICE_FAMILY = "1,2";
			};
			name = Release;
		};
		409A95A0269D5C7500310C9D /* Debug */ = {
			isa = XCBuildConfiguration;
			baseConfigurationReference = 90FB12BFB99371C33752842F /* Pods-CommonToolTests.debug.xcconfig */;
			buildSettings = {
				ALWAYS_EMBED_SWIFT_STANDARD_LIBRARIES = YES;
				BUNDLE_LOADER = "$(TEST_HOST)";
				CODE_SIGN_STYLE = Automatic;
				CURRENT_PROJECT_VERSION = 1;
				GENERATE_INFOPLIST_FILE = YES;
				IPHONEOS_DEPLOYMENT_TARGET = 15.0;
				LD_RUNPATH_SEARCH_PATHS = (
					"$(inherited)",
					"@executable_path/Frameworks",
					"@loader_path/Frameworks",
				);
				MARKETING_VERSION = 1.0;
				PRODUCT_BUNDLE_IDENTIFIER = Calvin.CommonToolTests;
				PRODUCT_NAME = "$(TARGET_NAME)";
				SWIFT_EMIT_LOC_STRINGS = NO;
				SWIFT_VERSION = 5.0;
				TARGETED_DEVICE_FAMILY = "1,2";
				TEST_HOST = "$(BUILT_PRODUCTS_DIR)/CommonTool.app/CommonTool";
			};
			name = Debug;
		};
		409A95A1269D5C7500310C9D /* Release */ = {
			isa = XCBuildConfiguration;
			baseConfigurationReference = 14C5C7726D333D2BFC812CAF /* Pods-CommonToolTests.release.xcconfig */;
			buildSettings = {
				ALWAYS_EMBED_SWIFT_STANDARD_LIBRARIES = YES;
				BUNDLE_LOADER = "$(TEST_HOST)";
				CODE_SIGN_STYLE = Automatic;
				CURRENT_PROJECT_VERSION = 1;
				GENERATE_INFOPLIST_FILE = YES;
				IPHONEOS_DEPLOYMENT_TARGET = 15.0;
				LD_RUNPATH_SEARCH_PATHS = (
					"$(inherited)",
					"@executable_path/Frameworks",
					"@loader_path/Frameworks",
				);
				MARKETING_VERSION = 1.0;
				PRODUCT_BUNDLE_IDENTIFIER = Calvin.CommonToolTests;
				PRODUCT_NAME = "$(TARGET_NAME)";
				SWIFT_EMIT_LOC_STRINGS = NO;
				SWIFT_VERSION = 5.0;
				TARGETED_DEVICE_FAMILY = "1,2";
				TEST_HOST = "$(BUILT_PRODUCTS_DIR)/CommonTool.app/CommonTool";
			};
			name = Release;
		};
		409A95A3269D5C7500310C9D /* Debug */ = {
			isa = XCBuildConfiguration;
			baseConfigurationReference = 11DA6F0AD5EA9D5B9294AB7B /* Pods-CommonTool-CommonToolUITests.debug.xcconfig */;
			buildSettings = {
				ALWAYS_EMBED_SWIFT_STANDARD_LIBRARIES = YES;
				CODE_SIGN_STYLE = Automatic;
				CURRENT_PROJECT_VERSION = 1;
				GENERATE_INFOPLIST_FILE = YES;
				LD_RUNPATH_SEARCH_PATHS = (
					"$(inherited)",
					"@executable_path/Frameworks",
					"@loader_path/Frameworks",
				);
				MARKETING_VERSION = 1.0;
				PRODUCT_BUNDLE_IDENTIFIER = Calvin.CommonToolUITests;
				PRODUCT_NAME = "$(TARGET_NAME)";
				SWIFT_EMIT_LOC_STRINGS = NO;
				SWIFT_VERSION = 5.0;
				TARGETED_DEVICE_FAMILY = "1,2";
				TEST_TARGET_NAME = CommonTool;
			};
			name = Debug;
		};
		409A95A4269D5C7500310C9D /* Release */ = {
			isa = XCBuildConfiguration;
			baseConfigurationReference = 5DE2D02A8F609214EF132543 /* Pods-CommonTool-CommonToolUITests.release.xcconfig */;
			buildSettings = {
				ALWAYS_EMBED_SWIFT_STANDARD_LIBRARIES = YES;
				CODE_SIGN_STYLE = Automatic;
				CURRENT_PROJECT_VERSION = 1;
				GENERATE_INFOPLIST_FILE = YES;
				LD_RUNPATH_SEARCH_PATHS = (
					"$(inherited)",
					"@executable_path/Frameworks",
					"@loader_path/Frameworks",
				);
				MARKETING_VERSION = 1.0;
				PRODUCT_BUNDLE_IDENTIFIER = Calvin.CommonToolUITests;
				PRODUCT_NAME = "$(TARGET_NAME)";
				SWIFT_EMIT_LOC_STRINGS = NO;
				SWIFT_VERSION = 5.0;
				TARGETED_DEVICE_FAMILY = "1,2";
				TEST_TARGET_NAME = CommonTool;
			};
			name = Release;
		};
/* End XCBuildConfiguration section */

/* Begin XCConfigurationList section */
		409A956F269D5C7400310C9D /* Build configuration list for PBXProject "CommonTool" */ = {
			isa = XCConfigurationList;
			buildConfigurations = (
				409A959A269D5C7500310C9D /* Debug */,
				409A959B269D5C7500310C9D /* Release */,
			);
			defaultConfigurationIsVisible = 0;
			defaultConfigurationName = Release;
		};
		409A959C269D5C7500310C9D /* Build configuration list for PBXNativeTarget "CommonTool" */ = {
			isa = XCConfigurationList;
			buildConfigurations = (
				409A959D269D5C7500310C9D /* Debug */,
				409A959E269D5C7500310C9D /* Release */,
			);
			defaultConfigurationIsVisible = 0;
			defaultConfigurationName = Release;
		};
		409A959F269D5C7500310C9D /* Build configuration list for PBXNativeTarget "CommonToolTests" */ = {
			isa = XCConfigurationList;
			buildConfigurations = (
				409A95A0269D5C7500310C9D /* Debug */,
				409A95A1269D5C7500310C9D /* Release */,
			);
			defaultConfigurationIsVisible = 0;
			defaultConfigurationName = Release;
		};
		409A95A2269D5C7500310C9D /* Build configuration list for PBXNativeTarget "CommonToolUITests" */ = {
			isa = XCConfigurationList;
			buildConfigurations = (
				409A95A3269D5C7500310C9D /* Debug */,
				409A95A4269D5C7500310C9D /* Release */,
			);
			defaultConfigurationIsVisible = 0;
			defaultConfigurationName = Release;
		};
/* End XCConfigurationList section */
	};
	rootObject = 409A956C269D5C7400310C9D /* Project object */;
}
