// !$*UTF8*$!
{
	archiveVersion = 1;
	classes = {
	};
	objectVersion = 55;
	objects = {

/* Begin PBXBuildFile section */
		409A9578269D5C7400310C9D /* AppDelegate.swift in Sources */ = {isa = PBXBuildFile; fileRef = 409A9577269D5C7400310C9D /* AppDelegate.swift */; };
		409A957A269D5C7400310C9D /* SceneDelegate.swift in Sources */ = {isa = PBXBuildFile; fileRef = 409A9579269D5C7400310C9D /* SceneDelegate.swift */; };
		409A957C269D5C7400310C9D /* ViewController.swift in Sources */ = {isa = PBXBuildFile; fileRef = 409A957B269D5C7400310C9D /* ViewController.swift */; };
		409A957F269D5C7400310C9D /* Main.storyboard in Resources */ = {isa = PBXBuildFile; fileRef = 409A957D269D5C7400310C9D /* Main.storyboard */; };
		409A9581269D5C7500310C9D /* Assets.xcassets in Resources */ = {isa = PBXBuildFile; fileRef = 409A9580269D5C7500310C9D /* Assets.xcassets */; };
		409A9584269D5C7500310C9D /* LaunchScreen.storyboard in Resources */ = {isa = PBXBuildFile; fileRef = 409A9582269D5C7500310C9D /* LaunchScreen.storyboard */; };
		409A958F269D5C7500310C9D /* CommonToolTests.swift in Sources */ = {isa = PBXBuildFile; fileRef = 409A958E269D5C7500310C9D /* CommonToolTests.swift */; };
		409A9599269D5C7500310C9D /* CommonToolUITests.swift in Sources */ = {isa = PBXBuildFile; fileRef = 409A9598269D5C7500310C9D /* CommonToolUITests.swift */; };
/* End PBXBuildFile section */

/* Begin PBXContainerItemProxy section */
		409A958B269D5C7500310C9D /* PBXContainerItemProxy */ = {
			isa = PBXContainerItemProxy;
			containerPortal = 409A956C269D5C7400310C9D /* Project object */;
			proxyType = 1;
			remoteGlobalIDString = 409A9573269D5C7400310C9D;
			remoteInfo = CommonTool;
		};
		409A9595269D5C7500310C9D /* PBXContainerItemProxy */ = {
			isa = PBXContainerItemProxy;
			containerPortal = 409A956C269D5C7400310C9D /* Project object */;
			proxyType = 1;
			remoteGlobalIDString = 409A9573269D5C7400310C9D;
			remoteInfo = CommonTool;
		};
/* End PBXContainerItemProxy section */

/* Begin PBXFileReference section */
		409A9574269D5C7400310C9D /* CommonTool.app */ = {isa = PBXFileReference; explicitFileType = wrapper.application; includeInIndex = 0; path = CommonTool.app; sourceTree = BUILT_PRODUCTS_DIR; };
		409A9577269D5C7400310C9D /* AppDelegate.swift */ = {isa = PBXFileReference; lastKnownFileType = sourcecode.swift; path = AppDelegate.swift; sourceTree = "<group>"; };
		409A9579269D5C7400310C9D /* SceneDelegate.swift */ = {isa = PBXFileReference; lastKnownFileType = sourcecode.swift; path = SceneDelegate.swift; sourceTree = "<group>"; };
		409A957B269D5C7400310C9D /* ViewController.swift */ = {isa = PBXFileReference; lastKnownFileType = sourcecode.swift; path = ViewController.swift; sourceTree = "<group>"; };
		409A957E269D5C7400310C9D /* Base */ = {isa = PBXFileReference; lastKnownFileType = file.storyboard; name = Base; path = Base.lproj/Main.storyboard; sourceTree = "<group>"; };
		409A9580269D5C7500310C9D /* Assets.xcassets */ = {isa = PBXFileReference; lastKnownFileType = folder.assetcatalog; path = Assets.xcassets; sourceTree = "<group>"; };
		409A9583269D5C7500310C9D /* Base */ = {isa = PBXFileReference; lastKnownFileType = file.storyboard; name = Base; path = Base.lproj/LaunchScreen.storyboard; sourceTree = "<group>"; };
		409A9585269D5C7500310C9D /* Info.plist */ = {isa = PBXFileReference; lastKnownFileType = text.plist.xml; path = Info.plist; sourceTree = "<group>"; };
		409A958A269D5C7500310C9D /* CommonToolTests.xctest */ = {isa = PBXFileReference; explicitFileType = wrapper.cfbundle; includeInIndex = 0; path = CommonToolTests.xctest; sourceTree = BUILT_PRODUCTS_DIR; };
		409A958E269D5C7500310C9D /* CommonToolTests.swift */ = {isa = PBXFileReference; lastKnownFileType = sourcecode.swift; path = CommonToolTests.swift; sourceTree = "<group>"; };
		409A9594269D5C7500310C9D /* CommonToolUITests.xctest */ = {isa = PBXFileReference; explicitFileType = wrapper.cfbundle; includeInIndex = 0; path = CommonToolUITests.xctest; sourceTree = BUILT_PRODUCTS_DIR; };
		409A9598269D5C7500310C9D /* CommonToolUITests.swift */ = {isa = PBXFileReference; lastKnownFileType = sourcecode.swift; path = CommonToolUITests.swift; sourceTree = "<group>"; };
/* End PBXFileReference section */

/* Begin PBXFrameworksBuildPhase section */
		409A9571269D5C7400310C9D /* Frameworks */ = {
			isa = PBXFrameworksBuildPhase;
			buildActionMask = 2147483647;
			files = (
			);
			runOnlyForDeploymentPostprocessing = 0;
		};
		409A9587269D5C7500310C9D /* Frameworks */ = {
			isa = PBXFrameworksBuildPhase;
			buildActionMask = 2147483647;
			files = (
			);
			runOnlyForDeploymentPostprocessing = 0;
		};
		409A9591269D5C7500310C9D /* Frameworks */ = {
			isa = PBXFrameworksBuildPhase;
			buildActionMask = 2147483647;
			files = (
			);
			runOnlyForDeploymentPostprocessing = 0;
		};
/* End PBXFrameworksBuildPhase section */

/* Begin PBXGroup section */
		409A956B269D5C7400310C9D = {
			isa = PBXGroup;
			children = (
				409A9576269D5C7400310C9D /* CommonTool */,
				409A958D269D5C7500310C9D /* CommonToolTests */,
				409A9597269D5C7500310C9D /* CommonToolUITests */,
				409A9575269D5C7400310C9D /* Products */,
			);
			sourceTree = "<group>";
		};
		409A9575269D5C7400310C9D /* Products */ = {
			isa = PBXGroup;
			children = (
				409A9574269D5C7400310C9D /* CommonTool.app */,
				409A958A269D5C7500310C9D /* CommonToolTests.xctest */,
				409A9594269D5C7500310C9D /* CommonToolUITests.xctest */,
			);
			name = Products;
			sourceTree = "<group>";
		};
		409A9576269D5C7400310C9D /* CommonTool */ = {
			isa = PBXGroup;
			children = (
				409A9577269D5C7400310C9D /* AppDelegate.swift */,
				409A9579269D5C7400310C9D /* SceneDelegate.swift */,
				409A957B269D5C7400310C9D /* ViewController.swift */,
				409A957D269D5C7400310C9D /* Main.storyboard */,
				409A9580269D5C7500310C9D /* Assets.xcassets */,
				409A9582269D5C7500310C9D /* LaunchScreen.storyboard */,
				409A9585269D5C7500310C9D /* Info.plist */,
			);
			path = CommonTool;
			sourceTree = "<group>";
		};
		409A958D269D5C7500310C9D /* CommonToolTests */ = {
			isa = PBXGroup;
			children = (
				409A958E269D5C7500310C9D /* CommonToolTests.swift */,
			);
			path = CommonToolTests;
			sourceTree = "<group>";
		};
		409A9597269D5C7500310C9D /* CommonToolUITests */ = {
			isa = PBXGroup;
			children = (
				409A9598269D5C7500310C9D /* CommonToolUITests.swift */,
			);
			path = CommonToolUITests;
			sourceTree = "<group>";
		};
/* End PBXGroup section */

/* Begin PBXNativeTarget section */
		409A9573269D5C7400310C9D /* CommonTool */ = {
			isa = PBXNativeTarget;
			buildConfigurationList = 409A959C269D5C7500310C9D /* Build configuration list for PBXNativeTarget "CommonTool" */;
			buildPhases = (
				409A9570269D5C7400310C9D /* Sources */,
				409A9571269D5C7400310C9D /* Frameworks */,
				409A9572269D5C7400310C9D /* Resources */,
			);
			buildRules = (
			);
			dependencies = (
			);
			name = CommonTool;
			productName = CommonTool;
			productReference = 409A9574269D5C7400310C9D /* CommonTool.app */;
			productType = "com.apple.product-type.application";
		};
		409A9589269D5C7500310C9D /* CommonToolTests */ = {
			isa = PBXNativeTarget;
			buildConfigurationList = 409A959F269D5C7500310C9D /* Build configuration list for PBXNativeTarget "CommonToolTests" */;
			buildPhases = (
				409A9586269D5C7500310C9D /* Sources */,
				409A9587269D5C7500310C9D /* Frameworks */,
				409A9588269D5C7500310C9D /* Resources */,
			);
			buildRules = (
			);
			dependencies = (
				409A958C269D5C7500310C9D /* PBXTargetDependency */,
			);
			name = CommonToolTests;
			productName = CommonToolTests;
			productReference = 409A958A269D5C7500310C9D /* CommonToolTests.xctest */;
			productType = "com.apple.product-type.bundle.unit-test";
		};
		409A9593269D5C7500310C9D /* CommonToolUITests */ = {
			isa = PBXNativeTarget;
			buildConfigurationList = 409A95A2269D5C7500310C9D /* Build configuration list for PBXNativeTarget "CommonToolUITests" */;
			buildPhases = (
				409A9590269D5C7500310C9D /* Sources */,
				409A9591269D5C7500310C9D /* Frameworks */,
				409A9592269D5C7500310C9D /* Resources */,
			);
			buildRules = (
			);
			dependencies = (
				409A9596269D5C7500310C9D /* PBXTargetDependency */,
			);
			name = CommonToolUITests;
			productName = CommonToolUITests;
			productReference = 409A9594269D5C7500310C9D /* CommonToolUITests.xctest */;
			productType = "com.apple.product-type.bundle.ui-testing";
		};
/* End PBXNativeTarget section */

/* Begin PBXProject section */
		409A956C269D5C7400310C9D /* Project object */ = {
			isa = PBXProject;
			attributes = {
				BuildIndependentTargetsInParallel = 1;
				LastSwiftUpdateCheck = 1300;
				LastUpgradeCheck = 1300;
				TargetAttributes = {
					409A9573269D5C7400310C9D = {
						CreatedOnToolsVersion = 13.0;
					};
					409A9589269D5C7500310C9D = {
						CreatedOnToolsVersion = 13.0;
						TestTargetID = 409A9573269D5C7400310C9D;
					};
					409A9593269D5C7500310C9D = {
						CreatedOnToolsVersion = 13.0;
						TestTargetID = 409A9573269D5C7400310C9D;
					};
				};
			};
			buildConfigurationList = 409A956F269D5C7400310C9D /* Build configuration list for PBXProject "CommonTool" */;
			compatibilityVersion = "Xcode 13.0";
			developmentRegion = en;
			hasScannedForEncodings = 0;
			knownRegions = (
				en,
				Base,
			);
			mainGroup = 409A956B269D5C7400310C9D;
			productRefGroup = 409A9575269D5C7400310C9D /* Products */;
			projectDirPath = "";
			projectRoot = "";
			targets = (
				409A9573269D5C7400310C9D /* CommonTool */,
				409A9589269D5C7500310C9D /* CommonToolTests */,
				409A9593269D5C7500310C9D /* CommonToolUITests */,
			);
		};
/* End PBXProject section */

/* Begin PBXResourcesBuildPhase section */
		409A9572269D5C7400310C9D /* Resources */ = {
			isa = PBXResourcesBuildPhase;
			buildActionMask = 2147483647;
			files = (
				409A9584269D5C7500310C9D /* LaunchScreen.storyboard in Resources */,
				409A9581269D5C7500310C9D /* Assets.xcassets in Resources */,
				409A957F269D5C7400310C9D /* Main.storyboard in Resources */,
			);
			runOnlyForDeploymentPostprocessing = 0;
		};
		409A9588269D5C7500310C9D /* Resources */ = {
			isa = PBXResourcesBuildPhase;
			buildActionMask = 2147483647;
			files = (
			);
			runOnlyForDeploymentPostprocessing = 0;
		};
		409A9592269D5C7500310C9D /* Resources */ = {
			isa = PBXResourcesBuildPhase;
			buildActionMask = 2147483647;
			files = (
			);
			runOnlyForDeploymentPostprocessing = 0;
		};
/* End PBXResourcesBuildPhase section */

/* Begin PBXSourcesBuildPhase section */
		409A9570269D5C7400310C9D /* Sources */ = {
			isa = PBXSourcesBuildPhase;
			buildActionMask = 2147483647;
			files = (
				409A957C269D5C7400310C9D /* ViewController.swift in Sources */,
				409A9578269D5C7400310C9D /* AppDelegate.swift in Sources */,
				409A957A269D5C7400310C9D /* SceneDelegate.swift in Sources */,
			);
			runOnlyForDeploymentPostprocessing = 0;
		};
		409A9586269D5C7500310C9D /* Sources */ = {
			isa = PBXSourcesBuildPhase;
			buildActionMask = 2147483647;
			files = (
				409A958F269D5C7500310C9D /* CommonToolTests.swift in Sources */,
			);
			runOnlyForDeploymentPostprocessing = 0;
		};
		409A9590269D5C7500310C9D /* Sources */ = {
			isa = PBXSourcesBuildPhase;
			buildActionMask = 2147483647;
			files = (
				409A9599269D5C7500310C9D /* CommonToolUITests.swift in Sources */,
			);
			runOnlyForDeploymentPostprocessing = 0;
		};
/* End PBXSourcesBuildPhase section */

/* Begin PBXTargetDependency section */
		409A958C269D5C7500310C9D /* PBXTargetDependency */ = {
			isa = PBXTargetDependency;
			target = 409A9573269D5C7400310C9D /* CommonTool */;
			targetProxy = 409A958B269D5C7500310C9D /* PBXContainerItemProxy */;
		};
		409A9596269D5C7500310C9D /* PBXTargetDependency */ = {
			isa = PBXTargetDependency;
			target = 409A9573269D5C7400310C9D /* CommonTool */;
			targetProxy = 409A9595269D5C7500310C9D /* PBXContainerItemProxy */;
		};
/* End PBXTargetDependency section */

/* Begin PBXVariantGroup section */
		409A957D269D5C7400310C9D /* Main.storyboard */ = {
			isa = PBXVariantGroup;
			children = (
				409A957E269D5C7400310C9D /* Base */,
			);
			name = Main.storyboard;
			sourceTree = "<group>";
		};
		409A9582269D5C7500310C9D /* LaunchScreen.storyboard */ = {
			isa = PBXVariantGroup;
			children = (
				409A9583269D5C7500310C9D /* Base */,
			);
			name = LaunchScreen.storyboard;
			sourceTree = "<group>";
		};
/* End PBXVariantGroup section */

/* Begin XCBuildConfiguration section */
		409A959A269D5C7500310C9D /* Debug */ = {
			isa = XCBuildConfiguration;
			buildSettings = {
				ALWAYS_SEARCH_USER_PATHS = NO;
				CLANG_ANALYZER_NONNULL = YES;
				CLANG_ANALYZER_NUMBER_OBJECT_CONVERSION = YES_AGGRESSIVE;
				CLANG_CXX_LANGUAGE_STANDARD = "gnu++14";
				CLANG_CXX_LIBRARY = "libc++";
				CLANG_ENABLE_MODULES = YES;
				CLANG_ENABLE_OBJC_ARC = YES;
				CLANG_ENABLE_OBJC_WEAK = YES;
				CLANG_WARN_BLOCK_CAPTURE_AUTORELEASING = YES;
				CLANG_WARN_BOOL_CONVERSION = YES;
				CLANG_WARN_COMMA = YES;
				CLANG_WARN_CONSTANT_CONVERSION = YES;
				CLANG_WARN_DEPRECATED_OBJC_IMPLEMENTATIONS = YES;
				CLANG_WARN_DIRECT_OBJC_ISA_USAGE = YES_ERROR;
				CLANG_WARN_DOCUMENTATION_COMMENTS = YES;
				CLANG_WARN_EMPTY_BODY = YES;
				CLANG_WARN_ENUM_CONVERSION = YES;
				CLANG_WARN_INFINITE_RECURSION = YES;
				CLANG_WARN_INT_CONVERSION = YES;
				CLANG_WARN_NON_LITERAL_NULL_CONVERSION = YES;
				CLANG_WARN_OBJC_IMPLICIT_RETAIN_SELF = YES;
				CLANG_WARN_OBJC_LITERAL_CONVERSION = YES;
				CLANG_WARN_OBJC_ROOT_CLASS = YES_ERROR;
				CLANG_WARN_QUOTED_INCLUDE_IN_FRAMEWORK_HEADER = YES;
				CLANG_WARN_RANGE_LOOP_ANALYSIS = YES;
				CLANG_WARN_STRICT_PROTOTYPES = YES;
				CLANG_WARN_SUSPICIOUS_MOVE = YES;
				CLANG_WARN_UNGUARDED_AVAILABILITY = YES_AGGRESSIVE;
				CLANG_WARN_UNREACHABLE_CODE = YES;
				CLANG_WARN__DUPLICATE_METHOD_MATCH = YES;
				COPY_PHASE_STRIP = NO;
				DEBUG_INFORMATION_FORMAT = dwarf;
				ENABLE_STRICT_OBJC_MSGSEND = YES;
				ENABLE_TESTABILITY = YES;
				GCC_C_LANGUAGE_STANDARD = gnu11;
				GCC_DYNAMIC_NO_PIC = NO;
				GCC_NO_COMMON_BLOCKS = YES;
				GCC_OPTIMIZATION_LEVEL = 0;
				GCC_PREPROCESSOR_DEFINITIONS = (
					"DEBUG=1",
					"$(inherited)",
				);
				GCC_WARN_64_TO_32_BIT_CONVERSION = YES;
				GCC_WARN_ABOUT_RETURN_TYPE = YES_ERROR;
				GCC_WARN_UNDECLARED_SELECTOR = YES;
				GCC_WARN_UNINITIALIZED_AUTOS = YES_AGGRESSIVE;
				GCC_WARN_UNUSED_FUNCTION = YES;
				GCC_WARN_UNUSED_VARIABLE = YES;
				IPHONEOS_DEPLOYMENT_TARGET = 15.0;
				MTL_ENABLE_DEBUG_INFO = INCLUDE_SOURCE;
				MTL_FAST_MATH = YES;
				ONLY_ACTIVE_ARCH = YES;
				SDKROOT = iphoneos;
				SWIFT_ACTIVE_COMPILATION_CONDITIONS = DEBUG;
				SWIFT_OPTIMIZATION_LEVEL = "-Onone";
			};
			name = Debug;
		};
		409A959B269D5C7500310C9D /* Release */ = {
			isa = XCBuildConfiguration;
			buildSettings = {
				ALWAYS_SEARCH_USER_PATHS = NO;
				CLANG_ANALYZER_NONNULL = YES;
				CLANG_ANALYZER_NUMBER_OBJECT_CONVERSION = YES_AGGRESSIVE;
				CLANG_CXX_LANGUAGE_STANDARD = "gnu++14";
				CLANG_CXX_LIBRARY = "libc++";
				CLANG_ENABLE_MODULES = YES;
				CLANG_ENABLE_OBJC_ARC = YES;
				CLANG_ENABLE_OBJC_WEAK = YES;
				CLANG_WARN_BLOCK_CAPTURE_AUTORELEASING = YES;
				CLANG_WARN_BOOL_CONVERSION = YES;
				CLANG_WARN_COMMA = YES;
				CLANG_WARN_CONSTANT_CONVERSION = YES;
				CLANG_WARN_DEPRECATED_OBJC_IMPLEMENTATIONS = YES;
				CLANG_WARN_DIRECT_OBJC_ISA_USAGE = YES_ERROR;
				CLANG_WARN_DOCUMENTATION_COMMENTS = YES;
				CLANG_WARN_EMPTY_BODY = YES;
				CLANG_WARN_ENUM_CONVERSION = YES;
				CLANG_WARN_INFINITE_RECURSION = YES;
				CLANG_WARN_INT_CONVERSION = YES;
				CLANG_WARN_NON_LITERAL_NULL_CONVERSION = YES;
				CLANG_WARN_OBJC_IMPLICIT_RETAIN_SELF = YES;
				CLANG_WARN_OBJC_LITERAL_CONVERSION = YES;
				CLANG_WARN_OBJC_ROOT_CLASS = YES_ERROR;
				CLANG_WARN_QUOTED_INCLUDE_IN_FRAMEWORK_HEADER = YES;
				CLANG_WARN_RANGE_LOOP_ANALYSIS = YES;
				CLANG_WARN_STRICT_PROTOTYPES = YES;
				CLANG_WARN_SUSPICIOUS_MOVE = YES;
				CLANG_WARN_UNGUARDED_AVAILABILITY = YES_AGGRESSIVE;
				CLANG_WARN_UNREACHABLE_CODE = YES;
				CLANG_WARN__DUPLICATE_METHOD_MATCH = YES;
				COPY_PHASE_STRIP = NO;
				DEBUG_INFORMATION_FORMAT = "dwarf-with-dsym";
				ENABLE_NS_ASSERTIONS = NO;
				ENABLE_STRICT_OBJC_MSGSEND = YES;
				GCC_C_LANGUAGE_STANDARD = gnu11;
				GCC_NO_COMMON_BLOCKS = YES;
				GCC_WARN_64_TO_32_BIT_CONVERSION = YES;
				GCC_WARN_ABOUT_RETURN_TYPE = YES_ERROR;
				GCC_WARN_UNDECLARED_SELECTOR = YES;
				GCC_WARN_UNINITIALIZED_AUTOS = YES_AGGRESSIVE;
				GCC_WARN_UNUSED_FUNCTION = YES;
				GCC_WARN_UNUSED_VARIABLE = YES;
				IPHONEOS_DEPLOYMENT_TARGET = 15.0;
				MTL_ENABLE_DEBUG_INFO = NO;
				MTL_FAST_MATH = YES;
				SDKROOT = iphoneos;
				SWIFT_COMPILATION_MODE = wholemodule;
				SWIFT_OPTIMIZATION_LEVEL = "-O";
				VALIDATE_PRODUCT = YES;
			};
			name = Release;
		};
		409A959D269D5C7500310C9D /* Debug */ = {
			isa = XCBuildConfiguration;
			buildSettings = {
				ASSETCATALOG_COMPILER_APPICON_NAME = AppIcon;
				ASSETCATALOG_COMPILER_GLOBAL_ACCENT_COLOR_NAME = AccentColor;
				CODE_SIGN_STYLE = Automatic;
				CURRENT_PROJECT_VERSION = 1;
				GENERATE_INFOPLIST_FILE = YES;
				INFOPLIST_FILE = CommonTool/Info.plist;
				INFOPLIST_KEY_UIApplicationSupportsIndirectInputEvents = YES;
				INFOPLIST_KEY_UILaunchStoryboardName = LaunchScreen;
				INFOPLIST_KEY_UIMainStoryboardFile = Main;
				INFOPLIST_KEY_UISupportedInterfaceOrientations_iPad = "UIInterfaceOrientationPortrait UIInterfaceOrientationPortraitUpsideDown UIInterfaceOrientationLandscapeLeft UIInterfaceOrientationLandscapeRight";
				INFOPLIST_KEY_UISupportedInterfaceOrientations_iPhone = "UIInterfaceOrientationPortrait UIInterfaceOrientationLandscapeLeft UIInterfaceOrientationLandscapeRight";
				LD_RUNPATH_SEARCH_PATHS = (
					"$(inherited)",
					"@executable_path/Frameworks",
				);
				MARKETING_VERSION = 1.0;
				PRODUCT_BUNDLE_IDENTIFIER = Calvin.CommonTool;
				PRODUCT_NAME = "$(TARGET_NAME)";
				SWIFT_EMIT_LOC_STRINGS = YES;
				SWIFT_VERSION = 5.0;
				TARGETED_DEVICE_FAMILY = "1,2";
			};
			name = Debug;
		};
		409A959E269D5C7500310C9D /* Release */ = {
			isa = XCBuildConfiguration;
			buildSettings = {
				ASSETCATALOG_COMPILER_APPICON_NAME = AppIcon;
				ASSETCATALOG_COMPILER_GLOBAL_ACCENT_COLOR_NAME = AccentColor;
				CODE_SIGN_STYLE = Automatic;
				CURRENT_PROJECT_VERSION = 1;
				GENERATE_INFOPLIST_FILE = YES;
				INFOPLIST_FILE = CommonTool/Info.plist;
				INFOPLIST_KEY_UIApplicationSupportsIndirectInputEvents = YES;
				INFOPLIST_KEY_UILaunchStoryboardName = LaunchScreen;
				INFOPLIST_KEY_UIMainStoryboardFile = Main;
				INFOPLIST_KEY_UISupportedInterfaceOrientations_iPad = "UIInterfaceOrientationPortrait UIInterfaceOrientationPortraitUpsideDown UIInterfaceOrientationLandscapeLeft UIInterfaceOrientationLandscapeRight";
				INFOPLIST_KEY_UISupportedInterfaceOrientations_iPhone = "UIInterfaceOrientationPortrait UIInterfaceOrientationLandscapeLeft UIInterfaceOrientationLandscapeRight";
				LD_RUNPATH_SEARCH_PATHS = (
					"$(inherited)",
					"@executable_path/Frameworks",
				);
				MARKETING_VERSION = 1.0;
				PRODUCT_BUNDLE_IDENTIFIER = Calvin.CommonTool;
				PRODUCT_NAME = "$(TARGET_NAME)";
				SWIFT_EMIT_LOC_STRINGS = YES;
				SWIFT_VERSION = 5.0;
				TARGETED_DEVICE_FAMILY = "1,2";
			};
			name = Release;
		};
		409A95A0269D5C7500310C9D /* Debug */ = {
			isa = XCBuildConfiguration;
			buildSettings = {
				ALWAYS_EMBED_SWIFT_STANDARD_LIBRARIES = YES;
				BUNDLE_LOADER = "$(TEST_HOST)";
				CODE_SIGN_STYLE = Automatic;
				CURRENT_PROJECT_VERSION = 1;
				GENERATE_INFOPLIST_FILE = YES;
				IPHONEOS_DEPLOYMENT_TARGET = 15.0;
				LD_RUNPATH_SEARCH_PATHS = (
					"$(inherited)",
					"@executable_path/Frameworks",
					"@loader_path/Frameworks",
				);
				MARKETING_VERSION = 1.0;
				PRODUCT_BUNDLE_IDENTIFIER = Calvin.CommonToolTests;
				PRODUCT_NAME = "$(TARGET_NAME)";
				SWIFT_EMIT_LOC_STRINGS = NO;
				SWIFT_VERSION = 5.0;
				TARGETED_DEVICE_FAMILY = "1,2";
				TEST_HOST = "$(BUILT_PRODUCTS_DIR)/CommonTool.app/CommonTool";
			};
			name = Debug;
		};
		409A95A1269D5C7500310C9D /* Release */ = {
			isa = XCBuildConfiguration;
			buildSettings = {
				ALWAYS_EMBED_SWIFT_STANDARD_LIBRARIES = YES;
				BUNDLE_LOADER = "$(TEST_HOST)";
				CODE_SIGN_STYLE = Automatic;
				CURRENT_PROJECT_VERSION = 1;
				GENERATE_INFOPLIST_FILE = YES;
				IPHONEOS_DEPLOYMENT_TARGET = 15.0;
				LD_RUNPATH_SEARCH_PATHS = (
					"$(inherited)",
					"@executable_path/Frameworks",
					"@loader_path/Frameworks",
				);
				MARKETING_VERSION = 1.0;
				PRODUCT_BUNDLE_IDENTIFIER = Calvin.CommonToolTests;
				PRODUCT_NAME = "$(TARGET_NAME)";
				SWIFT_EMIT_LOC_STRINGS = NO;
				SWIFT_VERSION = 5.0;
				TARGETED_DEVICE_FAMILY = "1,2";
				TEST_HOST = "$(BUILT_PRODUCTS_DIR)/CommonTool.app/CommonTool";
			};
			name = Release;
		};
		409A95A3269D5C7500310C9D /* Debug */ = {
			isa = XCBuildConfiguration;
			buildSettings = {
				ALWAYS_EMBED_SWIFT_STANDARD_LIBRARIES = YES;
				CODE_SIGN_STYLE = Automatic;
				CURRENT_PROJECT_VERSION = 1;
				GENERATE_INFOPLIST_FILE = YES;
				LD_RUNPATH_SEARCH_PATHS = (
					"$(inherited)",
					"@executable_path/Frameworks",
					"@loader_path/Frameworks",
				);
				MARKETING_VERSION = 1.0;
				PRODUCT_BUNDLE_IDENTIFIER = Calvin.CommonToolUITests;
				PRODUCT_NAME = "$(TARGET_NAME)";
				SWIFT_EMIT_LOC_STRINGS = NO;
				SWIFT_VERSION = 5.0;
				TARGETED_DEVICE_FAMILY = "1,2";
				TEST_TARGET_NAME = CommonTool;
			};
			name = Debug;
		};
		409A95A4269D5C7500310C9D /* Release */ = {
			isa = XCBuildConfiguration;
			buildSettings = {
				ALWAYS_EMBED_SWIFT_STANDARD_LIBRARIES = YES;
				CODE_SIGN_STYLE = Automatic;
				CURRENT_PROJECT_VERSION = 1;
				GENERATE_INFOPLIST_FILE = YES;
				LD_RUNPATH_SEARCH_PATHS = (
					"$(inherited)",
					"@executable_path/Frameworks",
					"@loader_path/Frameworks",
				);
				MARKETING_VERSION = 1.0;
				PRODUCT_BUNDLE_IDENTIFIER = Calvin.CommonToolUITests;
				PRODUCT_NAME = "$(TARGET_NAME)";
				SWIFT_EMIT_LOC_STRINGS = NO;
				SWIFT_VERSION = 5.0;
				TARGETED_DEVICE_FAMILY = "1,2";
				TEST_TARGET_NAME = CommonTool;
			};
			name = Release;
		};
/* End XCBuildConfiguration section */

/* Begin XCConfigurationList section */
		409A956F269D5C7400310C9D /* Build configuration list for PBXProject "CommonTool" */ = {
			isa = XCConfigurationList;
			buildConfigurations = (
				409A959A269D5C7500310C9D /* Debug */,
				409A959B269D5C7500310C9D /* Release */,
			);
			defaultConfigurationIsVisible = 0;
			defaultConfigurationName = Release;
		};
		409A959C269D5C7500310C9D /* Build configuration list for PBXNativeTarget "CommonTool" */ = {
			isa = XCConfigurationList;
			buildConfigurations = (
				409A959D269D5C7500310C9D /* Debug */,
				409A959E269D5C7500310C9D /* Release */,
			);
			defaultConfigurationIsVisible = 0;
			defaultConfigurationName = Release;
		};
		409A959F269D5C7500310C9D /* Build configuration list for PBXNativeTarget "CommonToolTests" */ = {
			isa = XCConfigurationList;
			buildConfigurations = (
				409A95A0269D5C7500310C9D /* Debug */,
				409A95A1269D5C7500310C9D /* Release */,
			);
			defaultConfigurationIsVisible = 0;
			defaultConfigurationName = Release;
		};
		409A95A2269D5C7500310C9D /* Build configuration list for PBXNativeTarget "CommonToolUITests" */ = {
			isa = XCConfigurationList;
			buildConfigurations = (
				409A95A3269D5C7500310C9D /* Debug */,
				409A95A4269D5C7500310C9D /* Release */,
			);
			defaultConfigurationIsVisible = 0;
			defaultConfigurationName = Release;
		};
/* End XCConfigurationList section */
	};
	rootObject = 409A956C269D5C7400310C9D /* Project object */;
}
